
Microsoft Visual Studio Solution File, Format Version 12.00
# Visual Studio Version 17
VisualStudioVersion = 17.12.35527.113
MinimumVisualStudioVersion = 10.0.40219.1
Project("{FAE04EC0-301F-11D3-BF4B-00C04F79EFBC}") = "SIS.HTTP", "SIS.HTTP\SIS.HTTP.csproj", "{BB1309E8-B549-4483-836E-BA6D6D26927A}"
EndProject
Project("{FAE04EC0-301F-11D3-BF4B-00C04F79EFBC}") = "SIS.MvcFramework", "SIS.MvcFramework\SIS.MvcFramework.csproj", "{4B1AA654-C082-4032-BE42-FFCBCCB3A19F}"
EndProject
Project("{FAE04EC0-301F-11D3-BF4B-00C04F79EFBC}") = "SIS.MvcFramework.Tests", "SIS.MvcFramework.Tests\SIS.MvcFramework.Tests.csproj", "{A164AB96-776B-45CE-B70E-6667470A54A2}"
EndProject
Project("{2150E333-8FDC-42A3-9474-1A3956D46DE8}") = "Apps", "Apps", "{02EA681E-C7D8-13C7-8484-4AC65E1B71E8}"
EndProject
Project("{2150E333-8FDC-42A3-9474-1A3956D46DE8}") = "IRunes", "IRunes", "{2CB9704F-6C2A-4577-8EB0-A805483F43D0}"
EndProject
Project("{FAE04EC0-301F-11D3-BF4B-00C04F79EFBC}") = "IRunes.Models", "Apps\IRunes\IRunes.Models\IRunes.Models.csproj", "{E06A9D28-FD55-271B-540B-70BC95379880}"
EndProject
Project("{FAE04EC0-301F-11D3-BF4B-00C04F79EFBC}") = "IRunes.Data", "Apps\IRunes\IRunes.Data\IRunes.Data.csproj", "{25AC362A-01E3-D65D-F983-3A0C26081EC5}"
EndProject
Project("{FAE04EC0-301F-11D3-BF4B-00C04F79EFBC}") = "IRunes.Services", "Apps\IRunes\IRunes.Services\IRunes.Services.csproj", "{319A66AA-4FED-E9E7-2BE9-8F6175E54D4F}"
EndProject
Project("{FAE04EC0-301F-11D3-BF4B-00C04F79EFBC}") = "IRunes.App", "Apps\IRunes\IRunes.App\IRunes.App.csproj", "{DD88AD87-1D3B-D62E-4A27-7B74243F7977}"
EndProject
Global
	GlobalSection(SolutionConfigurationPlatforms) = preSolution
		Debug|Any CPU = Debug|Any CPU
		Release|Any CPU = Release|Any CPU
	EndGlobalSection
	GlobalSection(ProjectConfigurationPlatforms) = postSolution
		{BB1309E8-B549-4483-836E-BA6D6D26927A}.Debug|Any CPU.ActiveCfg = Debug|Any CPU
		{BB1309E8-B549-4483-836E-BA6D6D26927A}.Debug|Any CPU.Build.0 = Debug|Any CPU
		{BB1309E8-B549-4483-836E-BA6D6D26927A}.Release|Any CPU.ActiveCfg = Release|Any CPU
		{BB1309E8-B549-4483-836E-BA6D6D26927A}.Release|Any CPU.Build.0 = Release|Any CPU
		{4B1AA654-C082-4032-BE42-FFCBCCB3A19F}.Debug|Any CPU.ActiveCfg = Debug|Any CPU
		{4B1AA654-C082-4032-BE42-FFCBCCB3A19F}.Debug|Any CPU.Build.0 = Debug|Any CPU
		{4B1AA654-C082-4032-BE42-FFCBCCB3A19F}.Release|Any CPU.ActiveCfg = Release|Any CPU
		{4B1AA654-C082-4032-BE42-FFCBCCB3A19F}.Release|Any CPU.Build.0 = Release|Any CPU
		{A164AB96-776B-45CE-B70E-6667470A54A2}.Debug|Any CPU.ActiveCfg = Debug|Any CPU
		{A164AB96-776B-45CE-B70E-6667470A54A2}.Debug|Any CPU.Build.0 = Debug|Any CPU
		{A164AB96-776B-45CE-B70E-6667470A54A2}.Release|Any CPU.ActiveCfg = Release|Any CPU
		{A164AB96-776B-45CE-B70E-6667470A54A2}.Release|Any CPU.Build.0 = Release|Any CPU
		{E06A9D28-FD55-271B-540B-70BC95379880}.Debug|Any CPU.ActiveCfg = Debug|Any CPU
		{E06A9D28-FD55-271B-540B-70BC95379880}.Debug|Any CPU.Build.0 = Debug|Any CPU
		{E06A9D28-FD55-271B-540B-70BC95379880}.Release|Any CPU.ActiveCfg = Release|Any CPU
		{E06A9D28-FD55-271B-540B-70BC95379880}.Release|Any CPU.Build.0 = Release|Any CPU
		{25AC362A-01E3-D65D-F983-3A0C26081EC5}.Debug|Any CPU.ActiveCfg = Debug|Any CPU
		{25AC362A-01E3-D65D-F983-3A0C26081EC5}.Debug|Any CPU.Build.0 = Debug|Any CPU
		{25AC362A-01E3-D65D-F983-3A0C26081EC5}.Release|Any CPU.ActiveCfg = Release|Any CPU
		{25AC362A-01E3-D65D-F983-3A0C26081EC5}.Release|Any CPU.Build.0 = Release|Any CPU
		{319A66AA-4FED-E9E7-2BE9-8F6175E54D4F}.Debug|Any CPU.ActiveCfg = Debug|Any CPU
		{319A66AA-4FED-E9E7-2BE9-8F6175E54D4F}.Debug|Any CPU.Build.0 = Debug|Any CPU
		{319A66AA-4FED-E9E7-2BE9-8F6175E54D4F}.Release|Any CPU.ActiveCfg = Release|Any CPU
		{319A66AA-4FED-E9E7-2BE9-8F6175E54D4F}.Release|Any CPU.Build.0 = Release|Any CPU
		{DD88AD87-1D3B-D62E-4A27-7B74243F7977}.Debug|Any CPU.ActiveCfg = Debug|Any CPU
		{DD88AD87-1D3B-D62E-4A27-7B74243F7977}.Debug|Any CPU.Build.0 = Debug|Any CPU
		{DD88AD87-1D3B-D62E-4A27-7B74243F7977}.Release|Any CPU.ActiveCfg = Release|Any CPU
		{DD88AD87-1D3B-D62E-4A27-7B74243F7977}.Release|Any CPU.Build.0 = Release|Any CPU
	EndGlobalSection
	GlobalSection(SolutionProperties) = preSolution
		HideSolutionNode = FALSE
	EndGlobalSection
	GlobalSection(NestedProjects) = preSolution
		{2CB9704F-6C2A-4577-8EB0-A805483F43D0} = {02EA681E-C7D8-13C7-8484-4AC65E1B71E8}
		{E06A9D28-FD55-271B-540B-70BC95379880} = {2CB9704F-6C2A-4577-8EB0-A805483F43D0}
		{25AC362A-01E3-D65D-F983-3A0C26081EC5} = {2CB9704F-6C2A-4577-8EB0-A805483F43D0}
		{319A66AA-4FED-E9E7-2BE9-8F6175E54D4F} = {2CB9704F-6C2A-4577-8EB0-A805483F43D0}
		{DD88AD87-1D3B-D62E-4A27-7B74243F7977} = {2CB9704F-6C2A-4577-8EB0-A805483F43D0}
	EndGlobalSection
	GlobalSection(ExtensibilityGlobals) = postSolution
		SolutionGuid = {0B0B0F95-20A6-427B-A0EF-585A70F0EF6A}
	EndGlobalSection
EndGlobal
