
Microsoft Visual Studio Solution File, Format Version 12.00
# Visual Studio Version 16
VisualStudioVersion = 16.0.31624.102
MinimumVisualStudioVersion = 10.0.40219.1
Project("{9A19103F-16F7-4668-BE54-9A1E7A4F7556}") = "RegexLab", "RegexLab\RegexLab.csproj", "{C8267B94-BD71-4943-821C-70FC619EEDBC}"
EndProject
Project("{9A19103F-16F7-4668-BE54-9A1E7A4F7556}") = "SeriesOfLetters", "SeriesOfLetters\SeriesOfLetters.csproj", "{41C9155C-5D9A-4F5A-8D33-76903797BA51}"
EndProject
Project("{FAE04EC0-301F-11D3-BF4B-00C04F79EFBC}") = "ReplaceTag", "ReplaceTag\ReplaceTag.csproj", "{AD577EB8-3998-42D1-9DC3-21410B99D8B2}"
EndProject
Project("{FAE04EC0-301F-11D3-BF4B-00C04F79EFBC}") = "ExtractHyperlinks", "ExtractHyperlinks\ExtractHyperlinks.csproj", "{A70C1EFC-EC43-41FD-9636-5134EAD2FAD0}"
EndProject
Global
	GlobalSection(SolutionConfigurationPlatforms) = preSolution
		Debug|Any CPU = Debug|Any CPU
		Release|Any CPU = Release|Any CPU
	EndGlobalSection
	GlobalSection(ProjectConfigurationPlatforms) = postSolution
		{C8267B94-BD71-4943-821C-70FC619EEDBC}.Debug|Any CPU.ActiveCfg = Debug|Any CPU
		{C8267B94-BD71-4943-821C-70FC619EEDBC}.Debug|Any CPU.Build.0 = Debug|Any CPU
		{C8267B94-BD71-4943-821C-70FC619EEDBC}.Release|Any CPU.ActiveCfg = Release|Any CPU
		{C8267B94-BD71-4943-821C-70FC619EEDBC}.Release|Any CPU.Build.0 = Release|Any CPU
		{41C9155C-5D9A-4F5A-8D33-76903797BA51}.Debug|Any CPU.ActiveCfg = Debug|Any CPU
		{41C9155C-5D9A-4F5A-8D33-76903797BA51}.Debug|Any CPU.Build.0 = Debug|Any CPU
		{41C9155C-5D9A-4F5A-8D33-76903797BA51}.Release|Any CPU.ActiveCfg = Release|Any CPU
		{41C9155C-5D9A-4F5A-8D33-76903797BA51}.Release|Any CPU.Build.0 = Release|Any CPU
		{AD577EB8-3998-42D1-9DC3-21410B99D8B2}.Debug|Any CPU.ActiveCfg = Debug|Any CPU
		{AD577EB8-3998-42D1-9DC3-21410B99D8B2}.Debug|Any CPU.Build.0 = Debug|Any CPU
		{AD577EB8-3998-42D1-9DC3-21410B99D8B2}.Release|Any CPU.ActiveCfg = Release|Any CPU
		{AD577EB8-3998-42D1-9DC3-21410B99D8B2}.Release|Any CPU.Build.0 = Release|Any CPU
		{A70C1EFC-EC43-41FD-9636-5134EAD2FAD0}.Debug|Any CPU.ActiveCfg = Debug|Any CPU
		{A70C1EFC-EC43-41FD-9636-5134EAD2FAD0}.Debug|Any CPU.Build.0 = Debug|Any CPU
		{A70C1EFC-EC43-41FD-9636-5134EAD2FAD0}.Release|Any CPU.ActiveCfg = Release|Any CPU
		{A70C1EFC-EC43-41FD-9636-5134EAD2FAD0}.Release|Any CPU.Build.0 = Release|Any CPU
	EndGlobalSection
	GlobalSection(SolutionProperties) = preSolution
		HideSolutionNode = FALSE
	EndGlobalSection
	GlobalSection(ExtensibilityGlobals) = postSolution
		SolutionGuid = {FD5A537A-CFAB-47DF-8E02-916387F10E72}
	EndGlobalSection
EndGlobal
